// !$*UTF8*$!
{
	archiveVersion = 1;
	classes = {
	};
	objectVersion = 51;
	objects = {

/* Begin PBXBuildFile section */
		3A1009942470CCFE00CC5745 /* 851CHIKARA-DZUYOKU_kanaA_004.ttf in Resources */ = {isa = PBXBuildFile; fileRef = 3A1009932470CCFE00CC5745 /* 851CHIKARA-DZUYOKU_kanaA_004.ttf */; };
		3A19DB6324678F8B00AF9AF8 /* extensions.swift in Sources */ = {isa = PBXBuildFile; fileRef = 3A19DB6224678F8B00AF9AF8 /* extensions.swift */; };
		3A295EFC2467D1EC00020272 /* BroadcastCell.swift in Sources */ = {isa = PBXBuildFile; fileRef = 3A295EFB2467D1EC00020272 /* BroadcastCell.swift */; };
		3A553A2A2466FD410057EBDF /* Index.swift in Sources */ = {isa = PBXBuildFile; fileRef = 3A553A292466FD410057EBDF /* Index.swift */; };
		3A553A2D246702390057EBDF /* sec.swift in Sources */ = {isa = PBXBuildFile; fileRef = 3A553A2C246702390057EBDF /* sec.swift */; };
		3A6EA16F2476C76700E21F4A /* AdMobHelper.swift in Sources */ = {isa = PBXBuildFile; fileRef = 3A6EA16E2476C76700E21F4A /* AdMobHelper.swift */; };
		3A73110E24696ED4008AEFBA /* DetailViewController.swift in Sources */ = {isa = PBXBuildFile; fileRef = 3A73110D24696ED4008AEFBA /* DetailViewController.swift */; };
		3A73111224698307008AEFBA /* MainTabController.swift in Sources */ = {isa = PBXBuildFile; fileRef = 3A73111124698307008AEFBA /* MainTabController.swift */; };
		3A73111524699414008AEFBA /* DetailHeaderView.swift in Sources */ = {isa = PBXBuildFile; fileRef = 3A73111424699414008AEFBA /* DetailHeaderView.swift */; };
		3A767BB4246AB81800E4A627 /* WordHeaderView.swift in Sources */ = {isa = PBXBuildFile; fileRef = 3A767BB3246AB81800E4A627 /* WordHeaderView.swift */; };
		3A9F7E80246C301C00F3530C /* WordsCell.swift in Sources */ = {isa = PBXBuildFile; fileRef = 3A9F7E7F246C301C00F3530C /* WordsCell.swift */; };
		3AA82BAD2466ED6400217C76 /* AppDelegate.swift in Sources */ = {isa = PBXBuildFile; fileRef = 3AA82BAC2466ED6400217C76 /* AppDelegate.swift */; };
		3AA82BAF2466ED6400217C76 /* SceneDelegate.swift in Sources */ = {isa = PBXBuildFile; fileRef = 3AA82BAE2466ED6400217C76 /* SceneDelegate.swift */; };
		3AA82BB62466ED6600217C76 /* Assets.xcassets in Resources */ = {isa = PBXBuildFile; fileRef = 3AA82BB52466ED6600217C76 /* Assets.xcassets */; };
		3AA82BB92466ED6600217C76 /* LaunchScreen.storyboard in Resources */ = {isa = PBXBuildFile; fileRef = 3AA82BB72466ED6600217C76 /* LaunchScreen.storyboard */; };
		3AA82BC12466EDF700217C76 /* HomeController.swift in Sources */ = {isa = PBXBuildFile; fileRef = 3AA82BC02466EDF700217C76 /* HomeController.swift */; };
		3AA82BC42466EEA200217C76 /* APIManager.swift in Sources */ = {isa = PBXBuildFile; fileRef = 3AA82BC32466EEA200217C76 /* APIManager.swift */; };
		3AB443B72472DAB60006B14B /* WordsViewController.swift in Sources */ = {isa = PBXBuildFile; fileRef = 3AB443B62472DAB60006B14B /* WordsViewController.swift */; };
		3AB53F5E246AEF0A006BBB51 /* ImageHeaderView.swift in Sources */ = {isa = PBXBuildFile; fileRef = 3AB53F5D246AEF0A006BBB51 /* ImageHeaderView.swift */; };
		3AD20C43246840810041FDFC /* BroadcastFooterView.swift in Sources */ = {isa = PBXBuildFile; fileRef = 3AD20C42246840810041FDFC /* BroadcastFooterView.swift */; };
		3AD552E92467BF3B0089853A /* BroadcastsViewCopntroller.swift in Sources */ = {isa = PBXBuildFile; fileRef = 3AD552E82467BF3B0089853A /* BroadcastsViewCopntroller.swift */; };
		3AF524282473F72900D3F007 /* Words.swift in Sources */ = {isa = PBXBuildFile; fileRef = 3AF524272473F72900D3F007 /* Words.swift */; };
		DB63DBD216F7F2FE825EF509 /* Pods_Little_ios.framework in Frameworks */ = {isa = PBXBuildFile; fileRef = 467D516AABBE5B8930DB1F10 /* Pods_Little_ios.framework */; };
/* End PBXBuildFile section */

/* Begin PBXFileReference section */
		3A1009932470CCFE00CC5745 /* 851CHIKARA-DZUYOKU_kanaA_004.ttf */ = {isa = PBXFileReference; lastKnownFileType = file; path = "851CHIKARA-DZUYOKU_kanaA_004.ttf"; sourceTree = "<group>"; };
		3A19DB6224678F8B00AF9AF8 /* extensions.swift */ = {isa = PBXFileReference; lastKnownFileType = sourcecode.swift; path = extensions.swift; sourceTree = "<group>"; };
		3A295EFB2467D1EC00020272 /* BroadcastCell.swift */ = {isa = PBXFileReference; lastKnownFileType = sourcecode.swift; path = BroadcastCell.swift; sourceTree = "<group>"; };
		3A553A292466FD410057EBDF /* Index.swift */ = {isa = PBXFileReference; lastKnownFileType = sourcecode.swift; path = Index.swift; sourceTree = "<group>"; };
		3A553A2C246702390057EBDF /* sec.swift */ = {isa = PBXFileReference; lastKnownFileType = sourcecode.swift; path = sec.swift; sourceTree = "<group>"; };
		3A6EA16E2476C76700E21F4A /* AdMobHelper.swift */ = {isa = PBXFileReference; lastKnownFileType = sourcecode.swift; path = AdMobHelper.swift; sourceTree = "<group>"; };
		3A73110D24696ED4008AEFBA /* DetailViewController.swift */ = {isa = PBXFileReference; lastKnownFileType = sourcecode.swift; path = DetailViewController.swift; sourceTree = "<group>"; };
		3A73111124698307008AEFBA /* MainTabController.swift */ = {isa = PBXFileReference; lastKnownFileType = sourcecode.swift; path = MainTabController.swift; sourceTree = "<group>"; };
		3A73111424699414008AEFBA /* DetailHeaderView.swift */ = {isa = PBXFileReference; lastKnownFileType = sourcecode.swift; path = DetailHeaderView.swift; sourceTree = "<group>"; };
		3A767BB3246AB81800E4A627 /* WordHeaderView.swift */ = {isa = PBXFileReference; lastKnownFileType = sourcecode.swift; path = WordHeaderView.swift; sourceTree = "<group>"; };
		3A9F7E7F246C301C00F3530C /* WordsCell.swift */ = {isa = PBXFileReference; lastKnownFileType = sourcecode.swift; path = WordsCell.swift; sourceTree = "<group>"; };
		3AA82BA92466ED6400217C76 /* Little-ios.app */ = {isa = PBXFileReference; explicitFileType = wrapper.application; includeInIndex = 0; path = "Little-ios.app"; sourceTree = BUILT_PRODUCTS_DIR; };
		3AA82BAC2466ED6400217C76 /* AppDelegate.swift */ = {isa = PBXFileReference; lastKnownFileType = sourcecode.swift; path = AppDelegate.swift; sourceTree = "<group>"; };
		3AA82BAE2466ED6400217C76 /* SceneDelegate.swift */ = {isa = PBXFileReference; lastKnownFileType = sourcecode.swift; path = SceneDelegate.swift; sourceTree = "<group>"; };
		3AA82BB52466ED6600217C76 /* Assets.xcassets */ = {isa = PBXFileReference; lastKnownFileType = folder.assetcatalog; path = Assets.xcassets; sourceTree = "<group>"; };
		3AA82BB82466ED6600217C76 /* Base */ = {isa = PBXFileReference; lastKnownFileType = file.storyboard; name = Base; path = Base.lproj/LaunchScreen.storyboard; sourceTree = "<group>"; };
		3AA82BBA2466ED6600217C76 /* Info.plist */ = {isa = PBXFileReference; lastKnownFileType = text.plist.xml; path = Info.plist; sourceTree = "<group>"; };
		3AA82BC02466EDF700217C76 /* HomeController.swift */ = {isa = PBXFileReference; lastKnownFileType = sourcecode.swift; path = HomeController.swift; sourceTree = "<group>"; };
		3AA82BC32466EEA200217C76 /* APIManager.swift */ = {isa = PBXFileReference; lastKnownFileType = sourcecode.swift; path = APIManager.swift; sourceTree = "<group>"; };
		3AB443B62472DAB60006B14B /* WordsViewController.swift */ = {isa = PBXFileReference; lastKnownFileType = sourcecode.swift; path = WordsViewController.swift; sourceTree = "<group>"; };
		3AB53F5D246AEF0A006BBB51 /* ImageHeaderView.swift */ = {isa = PBXFileReference; lastKnownFileType = sourcecode.swift; path = ImageHeaderView.swift; sourceTree = "<group>"; };
		3AD20C42246840810041FDFC /* BroadcastFooterView.swift */ = {isa = PBXFileReference; lastKnownFileType = sourcecode.swift; path = BroadcastFooterView.swift; sourceTree = "<group>"; };
		3AD552E82467BF3B0089853A /* BroadcastsViewCopntroller.swift */ = {isa = PBXFileReference; lastKnownFileType = sourcecode.swift; path = BroadcastsViewCopntroller.swift; sourceTree = "<group>"; };
		3AF524272473F72900D3F007 /* Words.swift */ = {isa = PBXFileReference; lastKnownFileType = sourcecode.swift; path = Words.swift; sourceTree = "<group>"; };
		467D516AABBE5B8930DB1F10 /* Pods_Little_ios.framework */ = {isa = PBXFileReference; explicitFileType = wrapper.framework; includeInIndex = 0; path = Pods_Little_ios.framework; sourceTree = BUILT_PRODUCTS_DIR; };
		829B60CE7C05BF9B38A8DC42 /* Pods-Little-ios.release.xcconfig */ = {isa = PBXFileReference; includeInIndex = 1; lastKnownFileType = text.xcconfig; name = "Pods-Little-ios.release.xcconfig"; path = "Target Support Files/Pods-Little-ios/Pods-Little-ios.release.xcconfig"; sourceTree = "<group>"; };
		ED82DDA2DC31CFBB05234F75 /* Pods-Little-ios.debug.xcconfig */ = {isa = PBXFileReference; includeInIndex = 1; lastKnownFileType = text.xcconfig; name = "Pods-Little-ios.debug.xcconfig"; path = "Target Support Files/Pods-Little-ios/Pods-Little-ios.debug.xcconfig"; sourceTree = "<group>"; };
/* End PBXFileReference section */

/* Begin PBXFrameworksBuildPhase section */
		3AA82BA62466ED6400217C76 /* Frameworks */ = {
			isa = PBXFrameworksBuildPhase;
			buildActionMask = 2147483647;
			files = (
				DB63DBD216F7F2FE825EF509 /* Pods_Little_ios.framework in Frameworks */,
			);
			runOnlyForDeploymentPostprocessing = 0;
		};
/* End PBXFrameworksBuildPhase section */

/* Begin PBXGroup section */
		3A1009922470CC9F00CC5745 /* Fonts */ = {
			isa = PBXGroup;
			children = (
				3A1009932470CCFE00CC5745 /* 851CHIKARA-DZUYOKU_kanaA_004.ttf */,
			);
			path = Fonts;
			sourceTree = "<group>";
		};
		3A295EFA2467D1CA00020272 /* View */ = {
			isa = PBXGroup;
			children = (
				3A295EFB2467D1EC00020272 /* BroadcastCell.swift */,
				3AD20C42246840810041FDFC /* BroadcastFooterView.swift */,
				3A731113246993D7008AEFBA /* Detail */,
			);
			path = View;
			sourceTree = "<group>";
		};
		3A553A2B246702290057EBDF /* Helpers */ = {
			isa = PBXGroup;
			children = (
				3A553A2C246702390057EBDF /* sec.swift */,
				3A19DB6224678F8B00AF9AF8 /* extensions.swift */,
				3A6EA16E2476C76700E21F4A /* AdMobHelper.swift */,
			);
			path = Helpers;
			sourceTree = "<group>";
		};
		3A731113246993D7008AEFBA /* Detail */ = {
			isa = PBXGroup;
			children = (
				3A73111424699414008AEFBA /* DetailHeaderView.swift */,
				3AB53F5D246AEF0A006BBB51 /* ImageHeaderView.swift */,
				3A9F7E7F246C301C00F3530C /* WordsCell.swift */,
				3A767BB3246AB81800E4A627 /* WordHeaderView.swift */,
			);
			path = Detail;
			sourceTree = "<group>";
		};
		3AA82BA02466ED6400217C76 = {
			isa = PBXGroup;
			children = (
				3AA82BAB2466ED6400217C76 /* Little-ios */,
				3AA82BAA2466ED6400217C76 /* Products */,
				9DFB35EDE2793A8EF8BEFAD0 /* Pods */,
				F604657499A3D8D12925BF0E /* Frameworks */,
			);
			sourceTree = "<group>";
		};
		3AA82BAA2466ED6400217C76 /* Products */ = {
			isa = PBXGroup;
			children = (
				3AA82BA92466ED6400217C76 /* Little-ios.app */,
			);
			name = Products;
			sourceTree = "<group>";
		};
		3AA82BAB2466ED6400217C76 /* Little-ios */ = {
			isa = PBXGroup;
			children = (
				3AA82BAC2466ED6400217C76 /* AppDelegate.swift */,
				3AA82BAE2466ED6400217C76 /* SceneDelegate.swift */,
				3A1009922470CC9F00CC5745 /* Fonts */,
				3AA82BC52466F21300217C76 /* Model */,
				3A295EFA2467D1CA00020272 /* View */,
				3AA82BC62466F21F00217C76 /* Controller */,
				3AA82BC22466EE8A00217C76 /* API */,
				3A553A2B246702290057EBDF /* Helpers */,
				3AA82BB52466ED6600217C76 /* Assets.xcassets */,
				3AA82BB72466ED6600217C76 /* LaunchScreen.storyboard */,
				3AA82BBA2466ED6600217C76 /* Info.plist */,
			);
			path = "Little-ios";
			sourceTree = "<group>";
		};
		3AA82BC22466EE8A00217C76 /* API */ = {
			isa = PBXGroup;
			children = (
				3AA82BC32466EEA200217C76 /* APIManager.swift */,
			);
			path = API;
			sourceTree = "<group>";
		};
		3AA82BC52466F21300217C76 /* Model */ = {
			isa = PBXGroup;
			children = (
				3A553A292466FD410057EBDF /* Index.swift */,
				3AF524272473F72900D3F007 /* Words.swift */,
			);
			path = Model;
			sourceTree = "<group>";
		};
		3AA82BC62466F21F00217C76 /* Controller */ = {
			isa = PBXGroup;
			children = (
				3A73111124698307008AEFBA /* MainTabController.swift */,
				3AA82BC02466EDF700217C76 /* HomeController.swift */,
				3AD552E82467BF3B0089853A /* BroadcastsViewCopntroller.swift */,
				3A73110D24696ED4008AEFBA /* DetailViewController.swift */,
				3AB443B62472DAB60006B14B /* WordsViewController.swift */,
			);
			path = Controller;
			sourceTree = "<group>";
		};
		9DFB35EDE2793A8EF8BEFAD0 /* Pods */ = {
			isa = PBXGroup;
			children = (
				ED82DDA2DC31CFBB05234F75 /* Pods-Little-ios.debug.xcconfig */,
				829B60CE7C05BF9B38A8DC42 /* Pods-Little-ios.release.xcconfig */,
			);
			path = Pods;
			sourceTree = "<group>";
		};
		F604657499A3D8D12925BF0E /* Frameworks */ = {
			isa = PBXGroup;
			children = (
				467D516AABBE5B8930DB1F10 /* Pods_Little_ios.framework */,
			);
			name = Frameworks;
			sourceTree = "<group>";
		};
/* End PBXGroup section */

/* Begin PBXNativeTarget section */
		3AA82BA82466ED6400217C76 /* Little-ios */ = {
			isa = PBXNativeTarget;
			buildConfigurationList = 3AA82BBD2466ED6600217C76 /* Build configuration list for PBXNativeTarget "Little-ios" */;
			buildPhases = (
				07B05112F9ACBE4E30F2D6A6 /* [CP] Check Pods Manifest.lock */,
				3AA82BA52466ED6400217C76 /* Sources */,
				3AA82BA62466ED6400217C76 /* Frameworks */,
				3AA82BA72466ED6400217C76 /* Resources */,
				843FB41738E666576F19E10F /* [CP] Embed Pods Frameworks */,
			);
			buildRules = (
			);
			dependencies = (
			);
			name = "Little-ios";
			productName = "Little-ios";
			productReference = 3AA82BA92466ED6400217C76 /* Little-ios.app */;
			productType = "com.apple.product-type.application";
		};
/* End PBXNativeTarget section */

/* Begin PBXProject section */
		3AA82BA12466ED6400217C76 /* Project object */ = {
			isa = PBXProject;
			attributes = {
				LastSwiftUpdateCheck = 1140;
				LastUpgradeCheck = 1140;
				ORGANIZATIONNAME = "Yuuki sakai";
				TargetAttributes = {
					3AA82BA82466ED6400217C76 = {
						CreatedOnToolsVersion = 11.4.1;
					};
				};
			};
			buildConfigurationList = 3AA82BA42466ED6400217C76 /* Build configuration list for PBXProject "Little-ios" */;
			compatibilityVersion = "Xcode 9.3";
			developmentRegion = en;
			hasScannedForEncodings = 0;
			knownRegions = (
				en,
				Base,
			);
			mainGroup = 3AA82BA02466ED6400217C76;
			productRefGroup = 3AA82BAA2466ED6400217C76 /* Products */;
			projectDirPath = "";
			projectRoot = "";
			targets = (
				3AA82BA82466ED6400217C76 /* Little-ios */,
			);
		};
/* End PBXProject section */

/* Begin PBXResourcesBuildPhase section */
		3AA82BA72466ED6400217C76 /* Resources */ = {
			isa = PBXResourcesBuildPhase;
			buildActionMask = 2147483647;
			files = (
				3A1009942470CCFE00CC5745 /* 851CHIKARA-DZUYOKU_kanaA_004.ttf in Resources */,
				3AA82BB92466ED6600217C76 /* LaunchScreen.storyboard in Resources */,
				3AA82BB62466ED6600217C76 /* Assets.xcassets in Resources */,
			);
			runOnlyForDeploymentPostprocessing = 0;
		};
/* End PBXResourcesBuildPhase section */

/* Begin PBXShellScriptBuildPhase section */
		07B05112F9ACBE4E30F2D6A6 /* [CP] Check Pods Manifest.lock */ = {
			isa = PBXShellScriptBuildPhase;
			buildActionMask = 2147483647;
			files = (
			);
			inputFileListPaths = (
			);
			inputPaths = (
				"${PODS_PODFILE_DIR_PATH}/Podfile.lock",
				"${PODS_ROOT}/Manifest.lock",
			);
			name = "[CP] Check Pods Manifest.lock";
			outputFileListPaths = (
			);
			outputPaths = (
				"$(DERIVED_FILE_DIR)/Pods-Little-ios-checkManifestLockResult.txt",
			);
			runOnlyForDeploymentPostprocessing = 0;
			shellPath = /bin/sh;
			shellScript = "diff \"${PODS_PODFILE_DIR_PATH}/Podfile.lock\" \"${PODS_ROOT}/Manifest.lock\" > /dev/null\nif [ $? != 0 ] ; then\n    # print error to STDERR\n    echo \"error: The sandbox is not in sync with the Podfile.lock. Run 'pod install' or update your CocoaPods installation.\" >&2\n    exit 1\nfi\n# This output is used by Xcode 'outputs' to avoid re-running this script phase.\necho \"SUCCESS\" > \"${SCRIPT_OUTPUT_FILE_0}\"\n";
			showEnvVarsInLog = 0;
		};
		843FB41738E666576F19E10F /* [CP] Embed Pods Frameworks */ = {
			isa = PBXShellScriptBuildPhase;
			buildActionMask = 2147483647;
			files = (
			);
			inputFileListPaths = (
				"${PODS_ROOT}/Target Support Files/Pods-Little-ios/Pods-Little-ios-frameworks-${CONFIGURATION}-input-files.xcfilelist",
			);
			name = "[CP] Embed Pods Frameworks";
			outputFileListPaths = (
				"${PODS_ROOT}/Target Support Files/Pods-Little-ios/Pods-Little-ios-frameworks-${CONFIGURATION}-output-files.xcfilelist",
			);
			runOnlyForDeploymentPostprocessing = 0;
			shellPath = /bin/sh;
			shellScript = "\"${PODS_ROOT}/Target Support Files/Pods-Little-ios/Pods-Little-ios-frameworks.sh\"\n";
			showEnvVarsInLog = 0;
		};
/* End PBXShellScriptBuildPhase section */

/* Begin PBXSourcesBuildPhase section */
		3AA82BA52466ED6400217C76 /* Sources */ = {
			isa = PBXSourcesBuildPhase;
			buildActionMask = 2147483647;
			files = (
				3A73110E24696ED4008AEFBA /* DetailViewController.swift in Sources */,
				3A767BB4246AB81800E4A627 /* WordHeaderView.swift in Sources */,
				3AD552E92467BF3B0089853A /* BroadcastsViewCopntroller.swift in Sources */,
				3AB53F5E246AEF0A006BBB51 /* ImageHeaderView.swift in Sources */,
				3AB443B72472DAB60006B14B /* WordsViewController.swift in Sources */,
				3A73111224698307008AEFBA /* MainTabController.swift in Sources */,
				3A6EA16F2476C76700E21F4A /* AdMobHelper.swift in Sources */,
				3AA82BC42466EEA200217C76 /* APIManager.swift in Sources */,
				3AA82BAD2466ED6400217C76 /* AppDelegate.swift in Sources */,
				3A553A2A2466FD410057EBDF /* Index.swift in Sources */,
				3AF524282473F72900D3F007 /* Words.swift in Sources */,
				3A19DB6324678F8B00AF9AF8 /* extensions.swift in Sources */,
				3A9F7E80246C301C00F3530C /* WordsCell.swift in Sources */,
				3AA82BAF2466ED6400217C76 /* SceneDelegate.swift in Sources */,
				3AA82BC12466EDF700217C76 /* HomeController.swift in Sources */,
				3A295EFC2467D1EC00020272 /* BroadcastCell.swift in Sources */,
				3A73111524699414008AEFBA /* DetailHeaderView.swift in Sources */,
				3A553A2D246702390057EBDF /* sec.swift in Sources */,
				3AD20C43246840810041FDFC /* BroadcastFooterView.swift in Sources */,
			);
			runOnlyForDeploymentPostprocessing = 0;
		};
/* End PBXSourcesBuildPhase section */

/* Begin PBXVariantGroup section */
		3AA82BB72466ED6600217C76 /* LaunchScreen.storyboard */ = {
			isa = PBXVariantGroup;
			children = (
				3AA82BB82466ED6600217C76 /* Base */,
			);
			name = LaunchScreen.storyboard;
			sourceTree = "<group>";
		};
/* End PBXVariantGroup section */

/* Begin XCBuildConfiguration section */
		3AA82BBB2466ED6600217C76 /* Debug */ = {
			isa = XCBuildConfiguration;
			buildSettings = {
				ALWAYS_SEARCH_USER_PATHS = NO;
				CLANG_ANALYZER_NONNULL = YES;
				CLANG_ANALYZER_NUMBER_OBJECT_CONVERSION = YES_AGGRESSIVE;
				CLANG_CXX_LANGUAGE_STANDARD = "gnu++14";
				CLANG_CXX_LIBRARY = "libc++";
				CLANG_ENABLE_MODULES = YES;
				CLANG_ENABLE_OBJC_ARC = YES;
				CLANG_ENABLE_OBJC_WEAK = YES;
				CLANG_WARN_BLOCK_CAPTURE_AUTORELEASING = YES;
				CLANG_WARN_BOOL_CONVERSION = YES;
				CLANG_WARN_COMMA = YES;
				CLANG_WARN_CONSTANT_CONVERSION = YES;
				CLANG_WARN_DEPRECATED_OBJC_IMPLEMENTATIONS = YES;
				CLANG_WARN_DIRECT_OBJC_ISA_USAGE = YES_ERROR;
				CLANG_WARN_DOCUMENTATION_COMMENTS = YES;
				CLANG_WARN_EMPTY_BODY = YES;
				CLANG_WARN_ENUM_CONVERSION = YES;
				CLANG_WARN_INFINITE_RECURSION = YES;
				CLANG_WARN_INT_CONVERSION = YES;
				CLANG_WARN_NON_LITERAL_NULL_CONVERSION = YES;
				CLANG_WARN_OBJC_IMPLICIT_RETAIN_SELF = YES;
				CLANG_WARN_OBJC_LITERAL_CONVERSION = YES;
				CLANG_WARN_OBJC_ROOT_CLASS = YES_ERROR;
				CLANG_WARN_RANGE_LOOP_ANALYSIS = YES;
				CLANG_WARN_STRICT_PROTOTYPES = YES;
				CLANG_WARN_SUSPICIOUS_MOVE = YES;
				CLANG_WARN_UNGUARDED_AVAILABILITY = YES_AGGRESSIVE;
				CLANG_WARN_UNREACHABLE_CODE = YES;
				CLANG_WARN__DUPLICATE_METHOD_MATCH = YES;
				COPY_PHASE_STRIP = NO;
				DEBUG_INFORMATION_FORMAT = dwarf;
				ENABLE_STRICT_OBJC_MSGSEND = YES;
				ENABLE_TESTABILITY = YES;
				GCC_C_LANGUAGE_STANDARD = gnu11;
				GCC_DYNAMIC_NO_PIC = NO;
				GCC_NO_COMMON_BLOCKS = YES;
				GCC_OPTIMIZATION_LEVEL = 0;
				GCC_PREPROCESSOR_DEFINITIONS = (
					"DEBUG=1",
					"$(inherited)",
				);
				GCC_WARN_64_TO_32_BIT_CONVERSION = YES;
				GCC_WARN_ABOUT_RETURN_TYPE = YES_ERROR;
				GCC_WARN_UNDECLARED_SELECTOR = YES;
				GCC_WARN_UNINITIALIZED_AUTOS = YES_AGGRESSIVE;
				GCC_WARN_UNUSED_FUNCTION = YES;
				GCC_WARN_UNUSED_VARIABLE = YES;
				IPHONEOS_DEPLOYMENT_TARGET = 13.4;
				MTL_ENABLE_DEBUG_INFO = INCLUDE_SOURCE;
				MTL_FAST_MATH = YES;
				ONLY_ACTIVE_ARCH = YES;
				SDKROOT = iphoneos;
				SWIFT_ACTIVE_COMPILATION_CONDITIONS = DEBUG;
				SWIFT_OPTIMIZATION_LEVEL = "-Onone";
			};
			name = Debug;
		};
		3AA82BBC2466ED6600217C76 /* Release */ = {
			isa = XCBuildConfiguration;
			buildSettings = {
				ALWAYS_SEARCH_USER_PATHS = NO;
				CLANG_ANALYZER_NONNULL = YES;
				CLANG_ANALYZER_NUMBER_OBJECT_CONVERSION = YES_AGGRESSIVE;
				CLANG_CXX_LANGUAGE_STANDARD = "gnu++14";
				CLANG_CXX_LIBRARY = "libc++";
				CLANG_ENABLE_MODULES = YES;
				CLANG_ENABLE_OBJC_ARC = YES;
				CLANG_ENABLE_OBJC_WEAK = YES;
				CLANG_WARN_BLOCK_CAPTURE_AUTORELEASING = YES;
				CLANG_WARN_BOOL_CONVERSION = YES;
				CLANG_WARN_COMMA = YES;
				CLANG_WARN_CONSTANT_CONVERSION = YES;
				CLANG_WARN_DEPRECATED_OBJC_IMPLEMENTATIONS = YES;
				CLANG_WARN_DIRECT_OBJC_ISA_USAGE = YES_ERROR;
				CLANG_WARN_DOCUMENTATION_COMMENTS = YES;
				CLANG_WARN_EMPTY_BODY = YES;
				CLANG_WARN_ENUM_CONVERSION = YES;
				CLANG_WARN_INFINITE_RECURSION = YES;
				CLANG_WARN_INT_CONVERSION = YES;
				CLANG_WARN_NON_LITERAL_NULL_CONVERSION = YES;
				CLANG_WARN_OBJC_IMPLICIT_RETAIN_SELF = YES;
				CLANG_WARN_OBJC_LITERAL_CONVERSION = YES;
				CLANG_WARN_OBJC_ROOT_CLASS = YES_ERROR;
				CLANG_WARN_RANGE_LOOP_ANALYSIS = YES;
				CLANG_WARN_STRICT_PROTOTYPES = YES;
				CLANG_WARN_SUSPICIOUS_MOVE = YES;
				CLANG_WARN_UNGUARDED_AVAILABILITY = YES_AGGRESSIVE;
				CLANG_WARN_UNREACHABLE_CODE = YES;
				CLANG_WARN__DUPLICATE_METHOD_MATCH = YES;
				COPY_PHASE_STRIP = NO;
				DEBUG_INFORMATION_FORMAT = "dwarf-with-dsym";
				ENABLE_NS_ASSERTIONS = NO;
				ENABLE_STRICT_OBJC_MSGSEND = YES;
				GCC_C_LANGUAGE_STANDARD = gnu11;
				GCC_NO_COMMON_BLOCKS = YES;
				GCC_WARN_64_TO_32_BIT_CONVERSION = YES;
				GCC_WARN_ABOUT_RETURN_TYPE = YES_ERROR;
				GCC_WARN_UNDECLARED_SELECTOR = YES;
				GCC_WARN_UNINITIALIZED_AUTOS = YES_AGGRESSIVE;
				GCC_WARN_UNUSED_FUNCTION = YES;
				GCC_WARN_UNUSED_VARIABLE = YES;
				IPHONEOS_DEPLOYMENT_TARGET = 13.4;
				MTL_ENABLE_DEBUG_INFO = NO;
				MTL_FAST_MATH = YES;
				SDKROOT = iphoneos;
				SWIFT_COMPILATION_MODE = wholemodule;
				SWIFT_OPTIMIZATION_LEVEL = "-O";
				VALIDATE_PRODUCT = YES;
			};
			name = Release;
		};
		3AA82BBE2466ED6600217C76 /* Debug */ = {
			isa = XCBuildConfiguration;
			baseConfigurationReference = ED82DDA2DC31CFBB05234F75 /* Pods-Little-ios.debug.xcconfig */;
			buildSettings = {
				ASSETCATALOG_COMPILER_APPICON_NAME = AppIcon;
				CODE_SIGN_STYLE = Automatic;
				CURRENT_PROJECT_VERSION = 1.0.1;
				DEVELOPMENT_TEAM = 4KJFNVZ8R6;
				INFOPLIST_FILE = "Little-ios/Info.plist";
				LD_RUNPATH_SEARCH_PATHS = (
					"$(inherited)",
					"@executable_path/Frameworks",
				);
				MARKETING_VERSION = 1.0.0;
				PRODUCT_BUNDLE_IDENTIFIER = "mineo.jp.mac.pop.Little-ios";
				PRODUCT_NAME = "$(TARGET_NAME)";
				SWIFT_VERSION = 5.0;
				TARGETED_DEVICE_FAMILY = 1;
			};
			name = Debug;
		};
		3AA82BBF2466ED6600217C76 /* Release */ = {
			isa = XCBuildConfiguration;
			baseConfigurationReference = 829B60CE7C05BF9B38A8DC42 /* Pods-Little-ios.release.xcconfig */;
			buildSettings = {
				ASSETCATALOG_COMPILER_APPICON_NAME = AppIcon;
				CODE_SIGN_STYLE = Automatic;
				CURRENT_PROJECT_VERSION = 1.0.1;
				DEVELOPMENT_TEAM = 4KJFNVZ8R6;
				INFOPLIST_FILE = "Little-ios/Info.plist";
				LD_RUNPATH_SEARCH_PATHS = (
					"$(inherited)",
					"@executable_path/Frameworks",
				);
				MARKETING_VERSION = 1.0.0;
				PRODUCT_BUNDLE_IDENTIFIER = "mineo.jp.mac.pop.Little-ios";
				PRODUCT_NAME = "$(TARGET_NAME)";
				SWIFT_VERSION = 5.0;
				TARGETED_DEVICE_FAMILY = 1;
			};
			name = Release;
		};
/* End XCBuildConfiguration section */

/* Begin XCConfigurationList section */
		3AA82BA42466ED6400217C76 /* Build configuration list for PBXProject "Little-ios" */ = {
			isa = XCConfigurationList;
			buildConfigurations = (
				3AA82BBB2466ED6600217C76 /* Debug */,
				3AA82BBC2466ED6600217C76 /* Release */,
			);
			defaultConfigurationIsVisible = 0;
			defaultConfigurationName = Release;
		};
		3AA82BBD2466ED6600217C76 /* Build configuration list for PBXNativeTarget "Little-ios" */ = {
			isa = XCConfigurationList;
			buildConfigurations = (
				3AA82BBE2466ED6600217C76 /* Debug */,
				3AA82BBF2466ED6600217C76 /* Release */,
			);
			defaultConfigurationIsVisible = 0;
			defaultConfigurationName = Release;
		};
/* End XCConfigurationList section */
	};
	rootObject = 3AA82BA12466ED6400217C76 /* Project object */;
}
